github.com/go-dimail/dimail v0.0.0-20260708135536-73b3e4d9fb4d h1:pPZDHXqiYoTrXDIx+CsmrLsXvaRVTvnhYsfGK1dGSmc=
github.com/go-dimail/dimail v0.0.0-20260708135536-73b3e4d9fb4d/go.mod h1:V2fynyZcka5bHsMDZVsdb2uIbclnGjCCUB6lnsND+q8=
github.com/go-dimail/dimail v0.0.0-20260709160524-e096ddf6d17c h1:E9RaQ51VaJnDrHQ5TvY1Bm/5K/8S9fi9wGJ/DM0u6Hs=
github.com/go-dimail/dimail v0.0.0-20260709160524-e096ddf6d17c/go.mod h1:V2fynyZcka5bHsMDZVsdb2uIbclnGjCCUB6lnsND+q8=
